
Microsoft Visual Studio Solution File, Format Version 12.00
# Visual Studio Version 16
VisualStudioVersion = 16.0.29709.97
MinimumVisualStudioVersion = 10.0.40219.1
Project("{FAE04EC0-301F-11D3-BF4B-00C04F79EFBC}") = "Pinger", "Pinger\Pinger.csproj", "{3AEF2284-DC89-4FE7-8274-0D62F76AFCE9}"
EndProject
Global
	GlobalSection(SolutionConfigurationPlatforms) = preSolution
		Debug|Any CPU = Debug|Any CPU
		Release|Any CPU = Release|Any CPU
	EndGlobalSection
	GlobalSection(ProjectConfigurationPlatforms) = postSolution
		{3AEF2284-DC89-4FE7-8274-0D62F76AFCE9}.Debug|Any CPU.ActiveCfg = Debug|Any CPU
		{3AEF2284-DC89-4FE7-8274-0D62F76AFCE9}.Debug|Any CPU.Build.0 = Debug|Any CPU
		{3AEF2284-DC89-4FE7-8274-0D62F76AFCE9}.Release|Any CPU.ActiveCfg = Release|Any CPU
		{3AEF2284-DC89-4FE7-8274-0D62F76AFCE9}.Release|Any CPU.Build.0 = Release|Any CPU
	EndGlobalSection
	GlobalSection(SolutionProperties) = preSolution
		HideSolutionNode = FALSE
	EndGlobalSection
	GlobalSection(ExtensibilityGlobals) = postSolution
		SolutionGuid = {A1BBB42F-B3F2-4A19-9EE0-F315D2D5FC13}
	EndGlobalSection
EndGlobal
